// !$*UTF8*$!
{
	archiveVersion = 1;
	classes = {
	};
	objectVersion = 56;
	objects = {

/* Begin PBXBuildFile section */
		F90AC0762ADF0CBD009EC1A0 /* FirebaseFirestoreSwift in Frameworks */ = {isa = PBXBuildFile; productRef = F90AC0752ADF0CBD009EC1A0 /* FirebaseFirestoreSwift */; };
		F90AC0782ADF0CBD009EC1A0 /* FirebaseMLModelDownloader in Frameworks */ = {isa = PBXBuildFile; productRef = F90AC0772ADF0CBD009EC1A0 /* FirebaseMLModelDownloader */; };
		F90AC07A2ADF0CBD009EC1A0 /* FirebaseRemoteConfigSwift in Frameworks */ = {isa = PBXBuildFile; productRef = F90AC0792ADF0CBD009EC1A0 /* FirebaseRemoteConfigSwift */; };
		F90AC07C2ADF0CC5009EC1A0 /* GoogleService-Info.plist in Resources */ = {isa = PBXBuildFile; fileRef = F90AC07B2ADF0CC5009EC1A0 /* GoogleService-Info.plist */; };
		F90AC07E2ADF0CD9009EC1A0 /* s.swift in Sources */ = {isa = PBXBuildFile; fileRef = F90AC07D2ADF0CD9009EC1A0 /* s.swift */; };
		F90AC0802ADF0CDC009EC1A0 /* w.swift in Sources */ = {isa = PBXBuildFile; fileRef = F90AC07F2ADF0CDC009EC1A0 /* w.swift */; };
		F93F835B2ADECAFD009BAA05 /* App224App.swift in Sources */ = {isa = PBXBuildFile; fileRef = F93F835A2ADECAFD009BAA05 /* App224App.swift */; };
		F93F835D2ADECAFD009BAA05 /* ContentView.swift in Sources */ = {isa = PBXBuildFile; fileRef = F93F835C2ADECAFD009BAA05 /* ContentView.swift */; };
		F93F835F2ADECAFE009BAA05 /* Assets.xcassets in Resources */ = {isa = PBXBuildFile; fileRef = F93F835E2ADECAFE009BAA05 /* Assets.xcassets */; };
		F93F83622ADECAFE009BAA05 /* Preview Assets.xcassets in Resources */ = {isa = PBXBuildFile; fileRef = F93F83612ADECAFE009BAA05 /* Preview Assets.xcassets */; };
		F93F836A2ADECB4D009BAA05 /* LoadingView.swift in Sources */ = {isa = PBXBuildFile; fileRef = F93F83692ADECB4D009BAA05 /* LoadingView.swift */; };
		F93F836C2ADECB51009BAA05 /* TabBar.swift in Sources */ = {isa = PBXBuildFile; fileRef = F93F836B2ADECB51009BAA05 /* TabBar.swift */; };
		F93F83722ADECB63009BAA05 /* Reviewers_1.swift in Sources */ = {isa = PBXBuildFile; fileRef = F93F83712ADECB63009BAA05 /* Reviewers_1.swift */; };
		F93F83742ADECB67009BAA05 /* Reviewers_2.swift in Sources */ = {isa = PBXBuildFile; fileRef = F93F83732ADECB67009BAA05 /* Reviewers_2.swift */; };
		F93F83762ADECB6A009BAA05 /* Reviewers_3.swift in Sources */ = {isa = PBXBuildFile; fileRef = F93F83752ADECB6A009BAA05 /* Reviewers_3.swift */; };
		F93F83782ADECB70009BAA05 /* Users_1.swift in Sources */ = {isa = PBXBuildFile; fileRef = F93F83772ADECB70009BAA05 /* Users_1.swift */; };
		F93F837A2ADECB78009BAA05 /* Users_2.swift in Sources */ = {isa = PBXBuildFile; fileRef = F93F83792ADECB78009BAA05 /* Users_2.swift */; };
		F93F837C2ADECB7B009BAA05 /* Users_3.swift in Sources */ = {isa = PBXBuildFile; fileRef = F93F837B2ADECB7B009BAA05 /* Users_3.swift */; };
		F93F837E2ADECB7F009BAA05 /* Users_4.swift in Sources */ = {isa = PBXBuildFile; fileRef = F93F837D2ADECB7F009BAA05 /* Users_4.swift */; };
		F93F83802ADECB83009BAA05 /* Users_5.swift in Sources */ = {isa = PBXBuildFile; fileRef = F93F837F2ADECB83009BAA05 /* Users_5.swift */; };
		F93F83822ADECB8A009BAA05 /* Launch Screen.storyboard in Resources */ = {isa = PBXBuildFile; fileRef = F93F83812ADECB8A009BAA05 /* Launch Screen.storyboard */; };
		F93F83852ADECC4C009BAA05 /* ApphudSDK in Frameworks */ = {isa = PBXBuildFile; productRef = F93F83842ADECC4C009BAA05 /* ApphudSDK */; };
		F93F83882ADECC54009BAA05 /* Amplitude in Frameworks */ = {isa = PBXBuildFile; productRef = F93F83872ADECC54009BAA05 /* Amplitude */; };
		F93F838B2ADECC5A009BAA05 /* Alamofire in Frameworks */ = {isa = PBXBuildFile; productRef = F93F838A2ADECC5A009BAA05 /* Alamofire */; };
		F93F838E2ADECC91009BAA05 /* Kingfisher in Frameworks */ = {isa = PBXBuildFile; productRef = F93F838D2ADECC91009BAA05 /* Kingfisher */; };
		F93F83922ADECDF5009BAA05 /* WebPic.swift in Sources */ = {isa = PBXBuildFile; fileRef = F93F83912ADECDF5009BAA05 /* WebPic.swift */; };
		F93F83942ADECDF8009BAA05 /* Chart.swift in Sources */ = {isa = PBXBuildFile; fileRef = F93F83932ADECDF8009BAA05 /* Chart.swift */; };
		F93F839A2ADECF38009BAA05 /* MainView.swift in Sources */ = {isa = PBXBuildFile; fileRef = F93F83992ADECF38009BAA05 /* MainView.swift */; };
		F93F839D2ADECF49009BAA05 /* MainChart.swift in Sources */ = {isa = PBXBuildFile; fileRef = F93F839C2ADECF49009BAA05 /* MainChart.swift */; };
		F93F839F2ADED154009BAA05 /* SignalsView.swift in Sources */ = {isa = PBXBuildFile; fileRef = F93F839E2ADED154009BAA05 /* SignalsView.swift */; };
		F93F83A12ADED158009BAA05 /* SignalsViewModel.swift in Sources */ = {isa = PBXBuildFile; fileRef = F93F83A02ADED158009BAA05 /* SignalsViewModel.swift */; };
		F93F83A32ADED15C009BAA05 /* SignalsModel.swift in Sources */ = {isa = PBXBuildFile; fileRef = F93F83A22ADED15C009BAA05 /* SignalsModel.swift */; };
		F93F83A62ADED275009BAA05 /* SignalsDetail.swift in Sources */ = {isa = PBXBuildFile; fileRef = F93F83A52ADED275009BAA05 /* SignalsDetail.swift */; };
		F93F83A82ADED497009BAA05 /* LessonsView.swift in Sources */ = {isa = PBXBuildFile; fileRef = F93F83A72ADED497009BAA05 /* LessonsView.swift */; };
		F93F83AA2ADED49C009BAA05 /* LessonsViewModel.swift in Sources */ = {isa = PBXBuildFile; fileRef = F93F83A92ADED49C009BAA05 /* LessonsViewModel.swift */; };
		F93F83AC2ADED4A0009BAA05 /* LessonsModel.swift in Sources */ = {isa = PBXBuildFile; fileRef = F93F83AB2ADED4A0009BAA05 /* LessonsModel.swift */; };
		F93F83AF2ADED544009BAA05 /* LessonsDetail.swift in Sources */ = {isa = PBXBuildFile; fileRef = F93F83AE2ADED544009BAA05 /* LessonsDetail.swift */; };
		F93F83B12ADED590009BAA05 /* ProfileView.swift in Sources */ = {isa = PBXBuildFile; fileRef = F93F83B02ADED590009BAA05 /* ProfileView.swift */; };
/* End PBXBuildFile section */

/* Begin PBXFileReference section */
		F90AC07B2ADF0CC5009EC1A0 /* GoogleService-Info.plist */ = {isa = PBXFileReference; lastKnownFileType = text.plist; path = "GoogleService-Info.plist"; sourceTree = SOURCE_ROOT; };
		F90AC07D2ADF0CD9009EC1A0 /* s.swift */ = {isa = PBXFileReference; lastKnownFileType = sourcecode.swift; path = s.swift; sourceTree = "<group>"; };
		F90AC07F2ADF0CDC009EC1A0 /* w.swift */ = {isa = PBXFileReference; lastKnownFileType = sourcecode.swift; path = w.swift; sourceTree = "<group>"; };
		F93F83572ADECAFD009BAA05 /* App224.app */ = {isa = PBXFileReference; explicitFileType = wrapper.application; includeInIndex = 0; path = App224.app; sourceTree = BUILT_PRODUCTS_DIR; };
		F93F835A2ADECAFD009BAA05 /* App224App.swift */ = {isa = PBXFileReference; lastKnownFileType = sourcecode.swift; path = App224App.swift; sourceTree = "<group>"; };
		F93F835C2ADECAFD009BAA05 /* ContentView.swift */ = {isa = PBXFileReference; lastKnownFileType = sourcecode.swift; path = ContentView.swift; sourceTree = "<group>"; };
		F93F835E2ADECAFE009BAA05 /* Assets.xcassets */ = {isa = PBXFileReference; lastKnownFileType = folder.assetcatalog; path = Assets.xcassets; sourceTree = "<group>"; };
		F93F83612ADECAFE009BAA05 /* Preview Assets.xcassets */ = {isa = PBXFileReference; lastKnownFileType = folder.assetcatalog; path = "Preview Assets.xcassets"; sourceTree = "<group>"; };
		F93F83692ADECB4D009BAA05 /* LoadingView.swift */ = {isa = PBXFileReference; lastKnownFileType = sourcecode.swift; path = LoadingView.swift; sourceTree = "<group>"; };
		F93F836B2ADECB51009BAA05 /* TabBar.swift */ = {isa = PBXFileReference; lastKnownFileType = sourcecode.swift; path = TabBar.swift; sourceTree = "<group>"; };
		F93F83712ADECB63009BAA05 /* Reviewers_1.swift */ = {isa = PBXFileReference; lastKnownFileType = sourcecode.swift; path = Reviewers_1.swift; sourceTree = "<group>"; };
		F93F83732ADECB67009BAA05 /* Reviewers_2.swift */ = {isa = PBXFileReference; lastKnownFileType = sourcecode.swift; path = Reviewers_2.swift; sourceTree = "<group>"; };
		F93F83752ADECB6A009BAA05 /* Reviewers_3.swift */ = {isa = PBXFileReference; lastKnownFileType = sourcecode.swift; path = Reviewers_3.swift; sourceTree = "<group>"; };
		F93F83772ADECB70009BAA05 /* Users_1.swift */ = {isa = PBXFileReference; lastKnownFileType = sourcecode.swift; path = Users_1.swift; sourceTree = "<group>"; };
		F93F83792ADECB78009BAA05 /* Users_2.swift */ = {isa = PBXFileReference; lastKnownFileType = sourcecode.swift; path = Users_2.swift; sourceTree = "<group>"; };
		F93F837B2ADECB7B009BAA05 /* Users_3.swift */ = {isa = PBXFileReference; lastKnownFileType = sourcecode.swift; path = Users_3.swift; sourceTree = "<group>"; };
		F93F837D2ADECB7F009BAA05 /* Users_4.swift */ = {isa = PBXFileReference; lastKnownFileType = sourcecode.swift; path = Users_4.swift; sourceTree = "<group>"; };
		F93F837F2ADECB83009BAA05 /* Users_5.swift */ = {isa = PBXFileReference; lastKnownFileType = sourcecode.swift; path = Users_5.swift; sourceTree = "<group>"; };
		F93F83812ADECB8A009BAA05 /* Launch Screen.storyboard */ = {isa = PBXFileReference; lastKnownFileType = file.storyboard; path = "Launch Screen.storyboard"; sourceTree = "<group>"; };
		F93F83912ADECDF5009BAA05 /* WebPic.swift */ = {isa = PBXFileReference; lastKnownFileType = sourcecode.swift; path = WebPic.swift; sourceTree = "<group>"; };
		F93F83932ADECDF8009BAA05 /* Chart.swift */ = {isa = PBXFileReference; lastKnownFileType = sourcecode.swift; path = Chart.swift; sourceTree = "<group>"; };
		F93F83992ADECF38009BAA05 /* MainView.swift */ = {isa = PBXFileReference; lastKnownFileType = sourcecode.swift; path = MainView.swift; sourceTree = "<group>"; };
		F93F839C2ADECF49009BAA05 /* MainChart.swift */ = {isa = PBXFileReference; lastKnownFileType = sourcecode.swift; path = MainChart.swift; sourceTree = "<group>"; };
		F93F839E2ADED154009BAA05 /* SignalsView.swift */ = {isa = PBXFileReference; lastKnownFileType = sourcecode.swift; path = SignalsView.swift; sourceTree = "<group>"; };
		F93F83A02ADED158009BAA05 /* SignalsViewModel.swift */ = {isa = PBXFileReference; lastKnownFileType = sourcecode.swift; path = SignalsViewModel.swift; sourceTree = "<group>"; };
		F93F83A22ADED15C009BAA05 /* SignalsModel.swift */ = {isa = PBXFileReference; lastKnownFileType = sourcecode.swift; path = SignalsModel.swift; sourceTree = "<group>"; };
		F93F83A52ADED275009BAA05 /* SignalsDetail.swift */ = {isa = PBXFileReference; lastKnownFileType = sourcecode.swift; path = SignalsDetail.swift; sourceTree = "<group>"; };
		F93F83A72ADED497009BAA05 /* LessonsView.swift */ = {isa = PBXFileReference; lastKnownFileType = sourcecode.swift; path = LessonsView.swift; sourceTree = "<group>"; };
		F93F83A92ADED49C009BAA05 /* LessonsViewModel.swift */ = {isa = PBXFileReference; lastKnownFileType = sourcecode.swift; path = LessonsViewModel.swift; sourceTree = "<group>"; };
		F93F83AB2ADED4A0009BAA05 /* LessonsModel.swift */ = {isa = PBXFileReference; lastKnownFileType = sourcecode.swift; path = LessonsModel.swift; sourceTree = "<group>"; };
		F93F83AE2ADED544009BAA05 /* LessonsDetail.swift */ = {isa = PBXFileReference; lastKnownFileType = sourcecode.swift; path = LessonsDetail.swift; sourceTree = "<group>"; };
		F93F83B02ADED590009BAA05 /* ProfileView.swift */ = {isa = PBXFileReference; lastKnownFileType = sourcecode.swift; path = ProfileView.swift; sourceTree = "<group>"; };
/* End PBXFileReference section */

/* Begin PBXFrameworksBuildPhase section */
		F93F83542ADECAFD009BAA05 /* Frameworks */ = {
			isa = PBXFrameworksBuildPhase;
			buildActionMask = 2147483647;
			files = (
				F90AC0762ADF0CBD009EC1A0 /* FirebaseFirestoreSwift in Frameworks */,
				F93F838E2ADECC91009BAA05 /* Kingfisher in Frameworks */,
				F93F838B2ADECC5A009BAA05 /* Alamofire in Frameworks */,
				F90AC07A2ADF0CBD009EC1A0 /* FirebaseRemoteConfigSwift in Frameworks */,
				F90AC0782ADF0CBD009EC1A0 /* FirebaseMLModelDownloader in Frameworks */,
				F93F83882ADECC54009BAA05 /* Amplitude in Frameworks */,
				F93F83852ADECC4C009BAA05 /* ApphudSDK in Frameworks */,
			);
			runOnlyForDeploymentPostprocessing = 0;
		};
/* End PBXFrameworksBuildPhase section */

/* Begin PBXGroup section */
		F93F834E2ADECAFD009BAA05 = {
			isa = PBXGroup;
			children = (
				F93F83592ADECAFD009BAA05 /* App224 */,
				F93F83582ADECAFD009BAA05 /* Products */,
			);
			sourceTree = "<group>";
		};
		F93F83582ADECAFD009BAA05 /* Products */ = {
			isa = PBXGroup;
			children = (
				F93F83572ADECAFD009BAA05 /* App224.app */,
			);
			name = Products;
			sourceTree = "<group>";
		};
		F93F83592ADECAFD009BAA05 /* App224 */ = {
			isa = PBXGroup;
			children = (
				F90AC07B2ADF0CC5009EC1A0 /* GoogleService-Info.plist */,
				F93F83812ADECB8A009BAA05 /* Launch Screen.storyboard */,
				F93F835C2ADECAFD009BAA05 /* ContentView.swift */,
				F93F835A2ADECAFD009BAA05 /* App224App.swift */,
				F93F83682ADECB45009BAA05 /* Files */,
				F93F835E2ADECAFE009BAA05 /* Assets.xcassets */,
				F93F83602ADECAFE009BAA05 /* Preview Content */,
			);
			path = App224;
			sourceTree = "<group>";
		};
		F93F83602ADECAFE009BAA05 /* Preview Content */ = {
			isa = PBXGroup;
			children = (
				F93F83612ADECAFE009BAA05 /* Preview Assets.xcassets */,
			);
			path = "Preview Content";
			sourceTree = "<group>";
		};
		F93F83682ADECB45009BAA05 /* Files */ = {
			isa = PBXGroup;
			children = (
				F93F836D2ADECB54009BAA05 /* Extensions */,
				F93F83692ADECB4D009BAA05 /* LoadingView.swift */,
				F93F836B2ADECB51009BAA05 /* TabBar.swift */,
				F93F83982ADECF28009BAA05 /* Profile */,
				F93F83972ADECF25009BAA05 /* Lessons */,
				F93F83962ADECF1C009BAA05 /* Signals */,
				F93F83952ADECF1A009BAA05 /* Main */,
				F93F836E2ADECB58009BAA05 /* Splash */,
			);
			path = Files;
			sourceTree = "<group>";
		};
		F93F836D2ADECB54009BAA05 /* Extensions */ = {
			isa = PBXGroup;
			children = (
				F93F83912ADECDF5009BAA05 /* WebPic.swift */,
				F93F83932ADECDF8009BAA05 /* Chart.swift */,
				F90AC07D2ADF0CD9009EC1A0 /* s.swift */,
				F90AC07F2ADF0CDC009EC1A0 /* w.swift */,
			);
			path = Extensions;
			sourceTree = "<group>";
		};
		F93F836E2ADECB58009BAA05 /* Splash */ = {
			isa = PBXGroup;
			children = (
				F93F83702ADECB5E009BAA05 /* Reviewers */,
				F93F836F2ADECB5B009BAA05 /* Users */,
			);
			path = Splash;
			sourceTree = "<group>";
		};
		F93F836F2ADECB5B009BAA05 /* Users */ = {
			isa = PBXGroup;
			children = (
				F93F83772ADECB70009BAA05 /* Users_1.swift */,
				F93F83792ADECB78009BAA05 /* Users_2.swift */,
				F93F837B2ADECB7B009BAA05 /* Users_3.swift */,
				F93F837D2ADECB7F009BAA05 /* Users_4.swift */,
				F93F837F2ADECB83009BAA05 /* Users_5.swift */,
			);
			path = Users;
			sourceTree = "<group>";
		};
		F93F83702ADECB5E009BAA05 /* Reviewers */ = {
			isa = PBXGroup;
			children = (
				F93F83712ADECB63009BAA05 /* Reviewers_1.swift */,
				F93F83732ADECB67009BAA05 /* Reviewers_2.swift */,
				F93F83752ADECB6A009BAA05 /* Reviewers_3.swift */,
			);
			path = Reviewers;
			sourceTree = "<group>";
		};
		F93F83952ADECF1A009BAA05 /* Main */ = {
			isa = PBXGroup;
			children = (
				F93F839B2ADECF40009BAA05 /* MainChart */,
				F93F83992ADECF38009BAA05 /* MainView.swift */,
			);
			path = Main;
			sourceTree = "<group>";
		};
		F93F83962ADECF1C009BAA05 /* Signals */ = {
			isa = PBXGroup;
			children = (
				F93F83A42ADED26F009BAA05 /* SignalsDetail */,
				F93F839E2ADED154009BAA05 /* SignalsView.swift */,
				F93F83A02ADED158009BAA05 /* SignalsViewModel.swift */,
				F93F83A22ADED15C009BAA05 /* SignalsModel.swift */,
			);
			path = Signals;
			sourceTree = "<group>";
		};
		F93F83972ADECF25009BAA05 /* Lessons */ = {
			isa = PBXGroup;
			children = (
				F93F83AD2ADED53D009BAA05 /* LessonsDetail */,
				F93F83A72ADED497009BAA05 /* LessonsView.swift */,
				F93F83A92ADED49C009BAA05 /* LessonsViewModel.swift */,
				F93F83AB2ADED4A0009BAA05 /* LessonsModel.swift */,
			);
			path = Lessons;
			sourceTree = "<group>";
		};
		F93F83982ADECF28009BAA05 /* Profile */ = {
			isa = PBXGroup;
			children = (
				F93F83B02ADED590009BAA05 /* ProfileView.swift */,
			);
			path = Profile;
			sourceTree = "<group>";
		};
		F93F839B2ADECF40009BAA05 /* MainChart */ = {
			isa = PBXGroup;
			children = (
				F93F839C2ADECF49009BAA05 /* MainChart.swift */,
			);
			path = MainChart;
			sourceTree = "<group>";
		};
		F93F83A42ADED26F009BAA05 /* SignalsDetail */ = {
			isa = PBXGroup;
			children = (
				F93F83A52ADED275009BAA05 /* SignalsDetail.swift */,
			);
			path = SignalsDetail;
			sourceTree = "<group>";
		};
		F93F83AD2ADED53D009BAA05 /* LessonsDetail */ = {
			isa = PBXGroup;
			children = (
				F93F83AE2ADED544009BAA05 /* LessonsDetail.swift */,
			);
			path = LessonsDetail;
			sourceTree = "<group>";
		};
/* End PBXGroup section */

/* Begin PBXNativeTarget section */
		F93F83562ADECAFD009BAA05 /* App224 */ = {
			isa = PBXNativeTarget;
			buildConfigurationList = F93F83652ADECAFE009BAA05 /* Build configuration list for PBXNativeTarget "App224" */;
			buildPhases = (
				F93F83532ADECAFD009BAA05 /* Sources */,
				F93F83542ADECAFD009BAA05 /* Frameworks */,
				F93F83552ADECAFD009BAA05 /* Resources */,
			);
			buildRules = (
			);
			dependencies = (
			);
			name = App224;
			packageProductDependencies = (
				F93F83842ADECC4C009BAA05 /* ApphudSDK */,
				F93F83872ADECC54009BAA05 /* Amplitude */,
				F93F838A2ADECC5A009BAA05 /* Alamofire */,
				F93F838D2ADECC91009BAA05 /* Kingfisher */,
				F90AC0752ADF0CBD009EC1A0 /* FirebaseFirestoreSwift */,
				F90AC0772ADF0CBD009EC1A0 /* FirebaseMLModelDownloader */,
				F90AC0792ADF0CBD009EC1A0 /* FirebaseRemoteConfigSwift */,
			);
			productName = App224;
			productReference = F93F83572ADECAFD009BAA05 /* App224.app */;
			productType = "com.apple.product-type.application";
		};
/* End PBXNativeTarget section */

/* Begin PBXProject section */
		F93F834F2ADECAFD009BAA05 /* Project object */ = {
			isa = PBXProject;
			attributes = {
				BuildIndependentTargetsInParallel = 1;
				LastSwiftUpdateCheck = 1500;
				LastUpgradeCheck = 1500;
				TargetAttributes = {
					F93F83562ADECAFD009BAA05 = {
						CreatedOnToolsVersion = 15.0;
					};
				};
			};
			buildConfigurationList = F93F83522ADECAFD009BAA05 /* Build configuration list for PBXProject "App224" */;
			compatibilityVersion = "Xcode 14.0";
			developmentRegion = en;
			hasScannedForEncodings = 0;
			knownRegions = (
				en,
				Base,
			);
			mainGroup = F93F834E2ADECAFD009BAA05;
			packageReferences = (
				F93F83832ADECC4C009BAA05 /* XCRemoteSwiftPackageReference "ApphudSDK" */,
				F93F83862ADECC54009BAA05 /* XCRemoteSwiftPackageReference "Amplitude-iOS" */,
				F93F83892ADECC5A009BAA05 /* XCRemoteSwiftPackageReference "Alamofire" */,
				F93F838C2ADECC91009BAA05 /* XCRemoteSwiftPackageReference "Kingfisher" */,
				F90AC0742ADF0CBD009EC1A0 /* XCRemoteSwiftPackageReference "firebase-ios-sdk" */,
			);
			productRefGroup = F93F83582ADECAFD009BAA05 /* Products */;
			projectDirPath = "";
			projectRoot = "";
			targets = (
				F93F83562ADECAFD009BAA05 /* App224 */,
			);
		};
/* End PBXProject section */

/* Begin PBXResourcesBuildPhase section */
		F93F83552ADECAFD009BAA05 /* Resources */ = {
			isa = PBXResourcesBuildPhase;
			buildActionMask = 2147483647;
			files = (
				F93F83822ADECB8A009BAA05 /* Launch Screen.storyboard in Resources */,
				F90AC07C2ADF0CC5009EC1A0 /* GoogleService-Info.plist in Resources */,
				F93F83622ADECAFE009BAA05 /* Preview Assets.xcassets in Resources */,
				F93F835F2ADECAFE009BAA05 /* Assets.xcassets in Resources */,
			);
			runOnlyForDeploymentPostprocessing = 0;
		};
/* End PBXResourcesBuildPhase section */

/* Begin PBXSourcesBuildPhase section */
		F93F83532ADECAFD009BAA05 /* Sources */ = {
			isa = PBXSourcesBuildPhase;
			buildActionMask = 2147483647;
			files = (
				F93F837C2ADECB7B009BAA05 /* Users_3.swift in Sources */,
				F93F839D2ADECF49009BAA05 /* MainChart.swift in Sources */,
				F93F83A62ADED275009BAA05 /* SignalsDetail.swift in Sources */,
				F93F837A2ADECB78009BAA05 /* Users_2.swift in Sources */,
				F93F83922ADECDF5009BAA05 /* WebPic.swift in Sources */,
				F93F83A12ADED158009BAA05 /* SignalsViewModel.swift in Sources */,
				F93F83AA2ADED49C009BAA05 /* LessonsViewModel.swift in Sources */,
				F93F83B12ADED590009BAA05 /* ProfileView.swift in Sources */,
				F93F83762ADECB6A009BAA05 /* Reviewers_3.swift in Sources */,
				F93F83AF2ADED544009BAA05 /* LessonsDetail.swift in Sources */,
				F93F835D2ADECAFD009BAA05 /* ContentView.swift in Sources */,
				F93F83782ADECB70009BAA05 /* Users_1.swift in Sources */,
				F93F83722ADECB63009BAA05 /* Reviewers_1.swift in Sources */,
				F93F83802ADECB83009BAA05 /* Users_5.swift in Sources */,
				F93F83942ADECDF8009BAA05 /* Chart.swift in Sources */,
				F93F837E2ADECB7F009BAA05 /* Users_4.swift in Sources */,
				F93F839F2ADED154009BAA05 /* SignalsView.swift in Sources */,
				F90AC07E2ADF0CD9009EC1A0 /* s.swift in Sources */,
				F93F835B2ADECAFD009BAA05 /* App224App.swift in Sources */,
				F93F83AC2ADED4A0009BAA05 /* LessonsModel.swift in Sources */,
				F93F83A32ADED15C009BAA05 /* SignalsModel.swift in Sources */,
				F93F83A82ADED497009BAA05 /* LessonsView.swift in Sources */,
				F93F836A2ADECB4D009BAA05 /* LoadingView.swift in Sources */,
				F93F836C2ADECB51009BAA05 /* TabBar.swift in Sources */,
				F90AC0802ADF0CDC009EC1A0 /* w.swift in Sources */,
				F93F839A2ADECF38009BAA05 /* MainView.swift in Sources */,
				F93F83742ADECB67009BAA05 /* Reviewers_2.swift in Sources */,
			);
			runOnlyForDeploymentPostprocessing = 0;
		};
/* End PBXSourcesBuildPhase section */

/* Begin XCBuildConfiguration section */
		F93F83632ADECAFE009BAA05 /* Debug */ = {
			isa = XCBuildConfiguration;
			buildSettings = {
				ALWAYS_SEARCH_USER_PATHS = NO;
				ASSETCATALOG_COMPILER_GENERATE_SWIFT_ASSET_SYMBOL_EXTENSIONS = YES;
				CLANG_ANALYZER_NONNULL = YES;
				CLANG_ANALYZER_NUMBER_OBJECT_CONVERSION = YES_AGGRESSIVE;
				CLANG_CXX_LANGUAGE_STANDARD = "gnu++20";
				CLANG_ENABLE_MODULES = YES;
				CLANG_ENABLE_OBJC_ARC = YES;
				CLANG_ENABLE_OBJC_WEAK = YES;
				CLANG_WARN_BLOCK_CAPTURE_AUTORELEASING = YES;
				CLANG_WARN_BOOL_CONVERSION = YES;
				CLANG_WARN_COMMA = YES;
				CLANG_WARN_CONSTANT_CONVERSION = YES;
				CLANG_WARN_DEPRECATED_OBJC_IMPLEMENTATIONS = YES;
				CLANG_WARN_DIRECT_OBJC_ISA_USAGE = YES_ERROR;
				CLANG_WARN_DOCUMENTATION_COMMENTS = YES;
				CLANG_WARN_EMPTY_BODY = YES;
				CLANG_WARN_ENUM_CONVERSION = YES;
				CLANG_WARN_INFINITE_RECURSION = YES;
				CLANG_WARN_INT_CONVERSION = YES;
				CLANG_WARN_NON_LITERAL_NULL_CONVERSION = YES;
				CLANG_WARN_OBJC_IMPLICIT_RETAIN_SELF = YES;
				CLANG_WARN_OBJC_LITERAL_CONVERSION = YES;
				CLANG_WARN_OBJC_ROOT_CLASS = YES_ERROR;
				CLANG_WARN_QUOTED_INCLUDE_IN_FRAMEWORK_HEADER = YES;
				CLANG_WARN_RANGE_LOOP_ANALYSIS = YES;
				CLANG_WARN_STRICT_PROTOTYPES = YES;
				CLANG_WARN_SUSPICIOUS_MOVE = YES;
				CLANG_WARN_UNGUARDED_AVAILABILITY = YES_AGGRESSIVE;
				CLANG_WARN_UNREACHABLE_CODE = YES;
				CLANG_WARN__DUPLICATE_METHOD_MATCH = YES;
				COPY_PHASE_STRIP = NO;
				DEBUG_INFORMATION_FORMAT = dwarf;
				ENABLE_STRICT_OBJC_MSGSEND = YES;
				ENABLE_TESTABILITY = YES;
				ENABLE_USER_SCRIPT_SANDBOXING = YES;
				GCC_C_LANGUAGE_STANDARD = gnu17;
				GCC_DYNAMIC_NO_PIC = NO;
				GCC_NO_COMMON_BLOCKS = YES;
				GCC_OPTIMIZATION_LEVEL = fast;
				GCC_PREPROCESSOR_DEFINITIONS = (
					"DEBUG=1",
					"$(inherited)",
				);
				GCC_WARN_64_TO_32_BIT_CONVERSION = YES;
				GCC_WARN_ABOUT_RETURN_TYPE = YES_ERROR;
				GCC_WARN_UNDECLARED_SELECTOR = YES;
				GCC_WARN_UNINITIALIZED_AUTOS = YES_AGGRESSIVE;
				GCC_WARN_UNUSED_FUNCTION = YES;
				GCC_WARN_UNUSED_VARIABLE = YES;
				IPHONEOS_DEPLOYMENT_TARGET = 14.0;
				LOCALIZATION_PREFERS_STRING_CATALOGS = YES;
				MTL_ENABLE_DEBUG_INFO = INCLUDE_SOURCE;
				MTL_FAST_MATH = YES;
				ONLY_ACTIVE_ARCH = YES;
				SDKROOT = iphoneos;
				SWIFT_ACTIVE_COMPILATION_CONDITIONS = "DEBUG $(inherited)";
				SWIFT_OPTIMIZATION_LEVEL = "-Onone";
			};
			name = Debug;
		};
		F93F83642ADECAFE009BAA05 /* Release */ = {
			isa = XCBuildConfiguration;
			buildSettings = {
				ALWAYS_SEARCH_USER_PATHS = NO;
				ASSETCATALOG_COMPILER_GENERATE_SWIFT_ASSET_SYMBOL_EXTENSIONS = YES;
				CLANG_ANALYZER_NONNULL = YES;
				CLANG_ANALYZER_NUMBER_OBJECT_CONVERSION = YES_AGGRESSIVE;
				CLANG_CXX_LANGUAGE_STANDARD = "gnu++20";
				CLANG_ENABLE_MODULES = YES;
				CLANG_ENABLE_OBJC_ARC = YES;
				CLANG_ENABLE_OBJC_WEAK = YES;
				CLANG_WARN_BLOCK_CAPTURE_AUTORELEASING = YES;
				CLANG_WARN_BOOL_CONVERSION = YES;
				CLANG_WARN_COMMA = YES;
				CLANG_WARN_CONSTANT_CONVERSION = YES;
				CLANG_WARN_DEPRECATED_OBJC_IMPLEMENTATIONS = YES;
				CLANG_WARN_DIRECT_OBJC_ISA_USAGE = YES_ERROR;
				CLANG_WARN_DOCUMENTATION_COMMENTS = YES;
				CLANG_WARN_EMPTY_BODY = YES;
				CLANG_WARN_ENUM_CONVERSION = YES;
				CLANG_WARN_INFINITE_RECURSION = YES;
				CLANG_WARN_INT_CONVERSION = YES;
				CLANG_WARN_NON_LITERAL_NULL_CONVERSION = YES;
				CLANG_WARN_OBJC_IMPLICIT_RETAIN_SELF = YES;
				CLANG_WARN_OBJC_LITERAL_CONVERSION = YES;
				CLANG_WARN_OBJC_ROOT_CLASS = YES_ERROR;
				CLANG_WARN_QUOTED_INCLUDE_IN_FRAMEWORK_HEADER = YES;
				CLANG_WARN_RANGE_LOOP_ANALYSIS = YES;
				CLANG_WARN_STRICT_PROTOTYPES = YES;
				CLANG_WARN_SUSPICIOUS_MOVE = YES;
				CLANG_WARN_UNGUARDED_AVAILABILITY = YES_AGGRESSIVE;
				CLANG_WARN_UNREACHABLE_CODE = YES;
				CLANG_WARN__DUPLICATE_METHOD_MATCH = YES;
				COPY_PHASE_STRIP = NO;
				DEBUG_INFORMATION_FORMAT = "dwarf-with-dsym";
				ENABLE_NS_ASSERTIONS = NO;
				ENABLE_STRICT_OBJC_MSGSEND = YES;
				ENABLE_USER_SCRIPT_SANDBOXING = YES;
				GCC_C_LANGUAGE_STANDARD = gnu17;
				GCC_NO_COMMON_BLOCKS = YES;
				GCC_OPTIMIZATION_LEVEL = fast;
				GCC_WARN_64_TO_32_BIT_CONVERSION = YES;
				GCC_WARN_ABOUT_RETURN_TYPE = YES_ERROR;
				GCC_WARN_UNDECLARED_SELECTOR = YES;
				GCC_WARN_UNINITIALIZED_AUTOS = YES_AGGRESSIVE;
				GCC_WARN_UNUSED_FUNCTION = YES;
				GCC_WARN_UNUSED_VARIABLE = YES;
				IPHONEOS_DEPLOYMENT_TARGET = 14.0;
				LOCALIZATION_PREFERS_STRING_CATALOGS = YES;
				MTL_ENABLE_DEBUG_INFO = NO;
				MTL_FAST_MATH = YES;
				SDKROOT = iphoneos;
				SWIFT_COMPILATION_MODE = wholemodule;
				VALIDATE_PRODUCT = YES;
			};
			name = Release;
		};
		F93F83662ADECAFE009BAA05 /* Debug */ = {
			isa = XCBuildConfiguration;
			buildSettings = {
				ASSETCATALOG_COMPILER_APPICON_NAME = AppIcon;
				ASSETCATALOG_COMPILER_GLOBAL_ACCENT_COLOR_NAME = AccentColor;
				CODE_SIGN_STYLE = Automatic;
				CURRENT_PROJECT_VERSION = 2;
				DEVELOPMENT_ASSET_PATHS = "\"App224/Preview Content\"";
				ENABLE_PREVIEWS = YES;
				GCC_OPTIMIZATION_LEVEL = fast;
				GENERATE_INFOPLIST_FILE = YES;
				INFOPLIST_KEY_CFBundleDisplayName = Bintradeclub;
				INFOPLIST_KEY_UIApplicationSceneManifest_Generation = YES;
				INFOPLIST_KEY_UIApplicationSupportsIndirectInputEvents = YES;
				INFOPLIST_KEY_UILaunchScreen_Generation = YES;
				INFOPLIST_KEY_UILaunchStoryboardName = "Launch Screen.storyboard";
				INFOPLIST_KEY_UISupportedInterfaceOrientations = UIInterfaceOrientationPortrait;
				INFOPLIST_KEY_UISupportedInterfaceOrientations_iPad = "UIInterfaceOrientationLandscapeLeft UIInterfaceOrientationLandscapeRight UIInterfaceOrientationPortrait UIInterfaceOrientationPortraitUpsideDown";
				IPHONEOS_DEPLOYMENT_TARGET = 14.0;
				LD_RUNPATH_SEARCH_PATHS = (
					"$(inherited)",
					"@executable_path/Frameworks",
				);
				MARKETING_VERSION = 1.1;
				PRODUCT_BUNDLE_IDENTIFIER = xz.App224;
				PRODUCT_NAME = "$(TARGET_NAME)";
				SUPPORTED_PLATFORMS = "iphoneos iphonesimulator";
				SUPPORTS_MACCATALYST = NO;
				SUPPORTS_MAC_DESIGNED_FOR_IPHONE_IPAD = NO;
				SWIFT_EMIT_LOC_STRINGS = YES;
				SWIFT_VERSION = 5.0;
				TARGETED_DEVICE_FAMILY = 1;
			};
			name = Debug;
		};
		F93F83672ADECAFE009BAA05 /* Release */ = {
			isa = XCBuildConfiguration;
			buildSettings = {
				ASSETCATALOG_COMPILER_APPICON_NAME = AppIcon;
				ASSETCATALOG_COMPILER_GLOBAL_ACCENT_COLOR_NAME = AccentColor;
				CODE_SIGN_STYLE = Automatic;
				CURRENT_PROJECT_VERSION = 2;
				DEVELOPMENT_ASSET_PATHS = "\"App224/Preview Content\"";
				ENABLE_PREVIEWS = YES;
				GCC_OPTIMIZATION_LEVEL = fast;
				GENERATE_INFOPLIST_FILE = YES;
				INFOPLIST_KEY_CFBundleDisplayName = Bintradeclub;
				INFOPLIST_KEY_UIApplicationSceneManifest_Generation = YES;
				INFOPLIST_KEY_UIApplicationSupportsIndirectInputEvents = YES;
				INFOPLIST_KEY_UILaunchScreen_Generation = YES;
				INFOPLIST_KEY_UILaunchStoryboardName = "Launch Screen.storyboard";
				INFOPLIST_KEY_UISupportedInterfaceOrientations = UIInterfaceOrientationPortrait;
				INFOPLIST_KEY_UISupportedInterfaceOrientations_iPad = "UIInterfaceOrientationLandscapeLeft UIInterfaceOrientationLandscapeRight UIInterfaceOrientationPortrait UIInterfaceOrientationPortraitUpsideDown";
				IPHONEOS_DEPLOYMENT_TARGET = 14.0;
				LD_RUNPATH_SEARCH_PATHS = (
					"$(inherited)",
					"@executable_path/Frameworks",
				);
				MARKETING_VERSION = 1.1;
				PRODUCT_BUNDLE_IDENTIFIER = xz.App224;
				PRODUCT_NAME = "$(TARGET_NAME)";
				SUPPORTED_PLATFORMS = "iphoneos iphonesimulator";
				SUPPORTS_MACCATALYST = NO;
				SUPPORTS_MAC_DESIGNED_FOR_IPHONE_IPAD = NO;
				SWIFT_EMIT_LOC_STRINGS = YES;
				SWIFT_VERSION = 5.0;
				TARGETED_DEVICE_FAMILY = 1;
			};
			name = Release;
		};
/* End XCBuildConfiguration section */

/* Begin XCConfigurationList section */
		F93F83522ADECAFD009BAA05 /* Build configuration list for PBXProject "App224" */ = {
			isa = XCConfigurationList;
			buildConfigurations = (
				F93F83632ADECAFE009BAA05 /* Debug */,
				F93F83642ADECAFE009BAA05 /* Release */,
			);
			defaultConfigurationIsVisible = 0;
			defaultConfigurationName = Release;
		};
		F93F83652ADECAFE009BAA05 /* Build configuration list for PBXNativeTarget "App224" */ = {
			isa = XCConfigurationList;
			buildConfigurations = (
				F93F83662ADECAFE009BAA05 /* Debug */,
				F93F83672ADECAFE009BAA05 /* Release */,
			);
			defaultConfigurationIsVisible = 0;
			defaultConfigurationName = Release;
		};
/* End XCConfigurationList section */

/* Begin XCRemoteSwiftPackageReference section */
		F90AC0742ADF0CBD009EC1A0 /* XCRemoteSwiftPackageReference "firebase-ios-sdk" */ = {
			isa = XCRemoteSwiftPackageReference;
			repositoryURL = "https://github.com/firebase/firebase-ios-sdk.git";
			requirement = {
				kind = upToNextMajorVersion;
				minimumVersion = 10.16.0;
			};
		};
		F93F83832ADECC4C009BAA05 /* XCRemoteSwiftPackageReference "ApphudSDK" */ = {
			isa = XCRemoteSwiftPackageReference;
			repositoryURL = "https://github.com/apphud/ApphudSDK";
			requirement = {
				kind = upToNextMajorVersion;
				minimumVersion = 3.1.0;
			};
		};
		F93F83862ADECC54009BAA05 /* XCRemoteSwiftPackageReference "Amplitude-iOS" */ = {
			isa = XCRemoteSwiftPackageReference;
			repositoryURL = "https://github.com/amplitude/Amplitude-iOS.git";
			requirement = {
				branch = main;
				kind = branch;
			};
		};
		F93F83892ADECC5A009BAA05 /* XCRemoteSwiftPackageReference "Alamofire" */ = {
			isa = XCRemoteSwiftPackageReference;
			repositoryURL = "https://github.com/Alamofire/Alamofire.git";
			requirement = {
				kind = upToNextMajorVersion;
				minimumVersion = 5.8.0;
			};
		};
		F93F838C2ADECC91009BAA05 /* XCRemoteSwiftPackageReference "Kingfisher" */ = {
			isa = XCRemoteSwiftPackageReference;
			repositoryURL = "https://github.com/onevcat/Kingfisher.git";
			requirement = {
				kind = upToNextMajorVersion;
				minimumVersion = 7.9.1;
			};
		};
/* End XCRemoteSwiftPackageReference section */

/* Begin XCSwiftPackageProductDependency section */
		F90AC0752ADF0CBD009EC1A0 /* FirebaseFirestoreSwift */ = {
			isa = XCSwiftPackageProductDependency;
			package = F90AC0742ADF0CBD009EC1A0 /* XCRemoteSwiftPackageReference "firebase-ios-sdk" */;
			productName = FirebaseFirestoreSwift;
		};
		F90AC0772ADF0CBD009EC1A0 /* FirebaseMLModelDownloader */ = {
			isa = XCSwiftPackageProductDependency;
			package = F90AC0742ADF0CBD009EC1A0 /* XCRemoteSwiftPackageReference "firebase-ios-sdk" */;
			productName = FirebaseMLModelDownloader;
		};
		F90AC0792ADF0CBD009EC1A0 /* FirebaseRemoteConfigSwift */ = {
			isa = XCSwiftPackageProductDependency;
			package = F90AC0742ADF0CBD009EC1A0 /* XCRemoteSwiftPackageReference "firebase-ios-sdk" */;
			productName = FirebaseRemoteConfigSwift;
		};
		F93F83842ADECC4C009BAA05 /* ApphudSDK */ = {
			isa = XCSwiftPackageProductDependency;
			package = F93F83832ADECC4C009BAA05 /* XCRemoteSwiftPackageReference "ApphudSDK" */;
			productName = ApphudSDK;
		};
		F93F83872ADECC54009BAA05 /* Amplitude */ = {
			isa = XCSwiftPackageProductDependency;
			package = F93F83862ADECC54009BAA05 /* XCRemoteSwiftPackageReference "Amplitude-iOS" */;
			productName = Amplitude;
		};
		F93F838A2ADECC5A009BAA05 /* Alamofire */ = {
			isa = XCSwiftPackageProductDependency;
			package = F93F83892ADECC5A009BAA05 /* XCRemoteSwiftPackageReference "Alamofire" */;
			productName = Alamofire;
		};
		F93F838D2ADECC91009BAA05 /* Kingfisher */ = {
			isa = XCSwiftPackageProductDependency;
			package = F93F838C2ADECC91009BAA05 /* XCRemoteSwiftPackageReference "Kingfisher" */;
			productName = Kingfisher;
		};
/* End XCSwiftPackageProductDependency section */
	};
	rootObject = F93F834F2ADECAFD009BAA05 /* Project object */;
}
